
Microsoft Visual Studio Solution File, Format Version 12.00
# Visual Studio Version 16
VisualStudioVersion = 16.0.29519.87
MinimumVisualStudioVersion = 10.0.40219.1
Project("{FAE04EC0-301F-11D3-BF4B-00C04F79EFBC}") = "CSharpBlok1Herkansing", "CSharpBlok1Herkansing.csproj", "{6DD1D2E0-1928-4D91-AD77-8E13F340D343}"
EndProject
Global
	GlobalSection(SolutionConfigurationPlatforms) = preSolution
		Debug|Any CPU = Debug|Any CPU
		Release|Any CPU = Release|Any CPU
	EndGlobalSection
	GlobalSection(ProjectConfigurationPlatforms) = postSolution
		{6DD1D2E0-1928-4D91-AD77-8E13F340D343}.Debug|Any CPU.ActiveCfg = Debug|Any CPU
		{6DD1D2E0-1928-4D91-AD77-8E13F340D343}.Debug|Any CPU.Build.0 = Debug|Any CPU
		{6DD1D2E0-1928-4D91-AD77-8E13F340D343}.Release|Any CPU.ActiveCfg = Release|Any CPU
		{6DD1D2E0-1928-4D91-AD77-8E13F340D343}.Release|Any CPU.Build.0 = Release|Any CPU
	EndGlobalSection
	GlobalSection(SolutionProperties) = preSolution
		HideSolutionNode = FALSE
	EndGlobalSection
	GlobalSection(ExtensibilityGlobals) = postSolution
		SolutionGuid = {BE43D4D9-E956-4833-AD78-AC9D53942098}
	EndGlobalSection
EndGlobal
